
Microsoft Visual Studio Solution File, Format Version 12.00
# Visual Studio Version 16
VisualStudioVersion = 16.0.30204.135
MinimumVisualStudioVersion = 10.0.40219.1
Project("{FAE04EC0-301F-11D3-BF4B-00C04F79EFBC}") = "LectorCodigosQR", "LectorCodigosQR\LectorCodigosQR.csproj", "{AB8C0DBB-7E1D-4B6A-BC10-343DC9532DE6}"
EndProject
Global
	GlobalSection(SolutionConfigurationPlatforms) = preSolution
		Debug|Any CPU = Debug|Any CPU
		Release|Any CPU = Release|Any CPU
	EndGlobalSection
	GlobalSection(ProjectConfigurationPlatforms) = postSolution
		{AB8C0DBB-7E1D-4B6A-BC10-343DC9532DE6}.Debug|Any CPU.ActiveCfg = Debug|Any CPU
		{AB8C0DBB-7E1D-4B6A-BC10-343DC9532DE6}.Debug|Any CPU.Build.0 = Debug|Any CPU
		{AB8C0DBB-7E1D-4B6A-BC10-343DC9532DE6}.Release|Any CPU.ActiveCfg = Release|Any CPU
		{AB8C0DBB-7E1D-4B6A-BC10-343DC9532DE6}.Release|Any CPU.Build.0 = Release|Any CPU
	EndGlobalSection
	GlobalSection(SolutionProperties) = preSolution
		HideSolutionNode = FALSE
	EndGlobalSection
	GlobalSection(ExtensibilityGlobals) = postSolution
		SolutionGuid = {9C392D05-89A8-491F-B5F3-D237F48C6E7C}
	EndGlobalSection
EndGlobal
